
Microsoft Visual Studio Solution File, Format Version 12.00
# Visual Studio Version 17
VisualStudioVersion = 17.5.33424.131
MinimumVisualStudioVersion = 10.0.40219.1
Project("{FAE04EC0-301F-11D3-BF4B-00C04F79EFBC}") = "MinesweepBackEnd", "MinesweepBackEnd\MinesweepBackEnd.csproj", "{810BB240-2593-4D1D-AFE9-7A659CBE8265}"
EndProject
Global
	GlobalSection(SolutionConfigurationPlatforms) = preSolution
		Debug|Any CPU = Debug|Any CPU
		Release|Any CPU = Release|Any CPU
	EndGlobalSection
	GlobalSection(ProjectConfigurationPlatforms) = postSolution
		{810BB240-2593-4D1D-AFE9-7A659CBE8265}.Debug|Any CPU.ActiveCfg = Debug|Any CPU
		{810BB240-2593-4D1D-AFE9-7A659CBE8265}.Debug|Any CPU.Build.0 = Debug|Any CPU
		{810BB240-2593-4D1D-AFE9-7A659CBE8265}.Release|Any CPU.ActiveCfg = Release|Any CPU
		{810BB240-2593-4D1D-AFE9-7A659CBE8265}.Release|Any CPU.Build.0 = Release|Any CPU
	EndGlobalSection
	GlobalSection(SolutionProperties) = preSolution
		HideSolutionNode = FALSE
	EndGlobalSection
	GlobalSection(ExtensibilityGlobals) = postSolution
		SolutionGuid = {08460A9F-EF07-4B52-A896-226B7E310179}
	EndGlobalSection
EndGlobal
